
Microsoft Visual Studio Solution File, Format Version 12.00
# Visual Studio Version 17
VisualStudioVersion = 17.0.31611.283
MinimumVisualStudioVersion = 10.0.40219.1
Project("{9A19103F-16F7-4668-BE54-9A1E7A4F7556}") = "Catcheap", "Catcheap\Catcheap.csproj", "{87272334-6773-4C26-933A-9DBABF456B8A}"
EndProject
Project("{9A19103F-16F7-4668-BE54-9A1E7A4F7556}") = "CatcheapAPI", "CatcheapAPI\CatcheapAPI.csproj", "{D09830CF-3AB4-4663-A2CE-3948C6DF7D75}"
EndProject
Project("{FAE04EC0-301F-11D3-BF4B-00C04F79EFBC}") = "TestProject", "TestProject\TestProject.csproj", "{8738D3BE-49A5-408F-8AB2-33E755C55B24}"
EndProject
Global
	GlobalSection(SolutionConfigurationPlatforms) = preSolution
		Debug|Any CPU = Debug|Any CPU
		Release|Any CPU = Release|Any CPU
	EndGlobalSection
	GlobalSection(ProjectConfigurationPlatforms) = postSolution
		{87272334-6773-4C26-933A-9DBABF456B8A}.Debug|Any CPU.ActiveCfg = Debug|Any CPU
		{87272334-6773-4C26-933A-9DBABF456B8A}.Debug|Any CPU.Build.0 = Debug|Any CPU
		{87272334-6773-4C26-933A-9DBABF456B8A}.Debug|Any CPU.Deploy.0 = Debug|Any CPU
		{87272334-6773-4C26-933A-9DBABF456B8A}.Release|Any CPU.ActiveCfg = Release|Any CPU
		{87272334-6773-4C26-933A-9DBABF456B8A}.Release|Any CPU.Build.0 = Release|Any CPU
		{87272334-6773-4C26-933A-9DBABF456B8A}.Release|Any CPU.Deploy.0 = Release|Any CPU
		{D09830CF-3AB4-4663-A2CE-3948C6DF7D75}.Debug|Any CPU.ActiveCfg = Debug|Any CPU
		{D09830CF-3AB4-4663-A2CE-3948C6DF7D75}.Debug|Any CPU.Build.0 = Debug|Any CPU
		{D09830CF-3AB4-4663-A2CE-3948C6DF7D75}.Release|Any CPU.ActiveCfg = Release|Any CPU
		{D09830CF-3AB4-4663-A2CE-3948C6DF7D75}.Release|Any CPU.Build.0 = Release|Any CPU
		{8738D3BE-49A5-408F-8AB2-33E755C55B24}.Debug|Any CPU.ActiveCfg = Debug|Any CPU
		{8738D3BE-49A5-408F-8AB2-33E755C55B24}.Debug|Any CPU.Build.0 = Debug|Any CPU
		{8738D3BE-49A5-408F-8AB2-33E755C55B24}.Release|Any CPU.ActiveCfg = Release|Any CPU
		{8738D3BE-49A5-408F-8AB2-33E755C55B24}.Release|Any CPU.Build.0 = Release|Any CPU
	EndGlobalSection
	GlobalSection(SolutionProperties) = preSolution
		HideSolutionNode = FALSE
	EndGlobalSection
	GlobalSection(ExtensibilityGlobals) = postSolution
		SolutionGuid = {61F7FB11-1E47-470C-91E2-47F8143E1572}
	EndGlobalSection
EndGlobal
